
Microsoft Visual Studio Solution File, Format Version 12.00
# Visual Studio 2013
VisualStudioVersion = 12.0.31101.0
MinimumVisualStudioVersion = 10.0.40219.1
Project("{FAE04EC0-301F-11D3-BF4B-00C04F79EFBC}") = "PoECharacterCalculator.Core", "PoECharacterCalculator.Core\PoECharacterCalculator.Core.csproj", "{CA8B4162-D513-4D5D-A980-A0F7E25321E8}"
EndProject
Project("{FAE04EC0-301F-11D3-BF4B-00C04F79EFBC}") = "PoeCalculator.Web", "PoeCalculator.Web\PoeCalculator.Web.csproj", "{99FB4A7B-F824-4A3B-A7BF-FCA0FDF8B763}"
EndProject
Global
	GlobalSection(SolutionConfigurationPlatforms) = preSolution
		Debug|Any CPU = Debug|Any CPU
		Release|Any CPU = Release|Any CPU
	EndGlobalSection
	GlobalSection(ProjectConfigurationPlatforms) = postSolution
		{CA8B4162-D513-4D5D-A980-A0F7E25321E8}.Debug|Any CPU.ActiveCfg = Debug|Any CPU
		{CA8B4162-D513-4D5D-A980-A0F7E25321E8}.Debug|Any CPU.Build.0 = Debug|Any CPU
		{CA8B4162-D513-4D5D-A980-A0F7E25321E8}.Release|Any CPU.ActiveCfg = Release|Any CPU
		{CA8B4162-D513-4D5D-A980-A0F7E25321E8}.Release|Any CPU.Build.0 = Release|Any CPU
		{99FB4A7B-F824-4A3B-A7BF-FCA0FDF8B763}.Debug|Any CPU.ActiveCfg = Debug|Any CPU
		{99FB4A7B-F824-4A3B-A7BF-FCA0FDF8B763}.Debug|Any CPU.Build.0 = Debug|Any CPU
		{99FB4A7B-F824-4A3B-A7BF-FCA0FDF8B763}.Release|Any CPU.ActiveCfg = Release|Any CPU
		{99FB4A7B-F824-4A3B-A7BF-FCA0FDF8B763}.Release|Any CPU.Build.0 = Release|Any CPU
	EndGlobalSection
	GlobalSection(SolutionProperties) = preSolution
		HideSolutionNode = FALSE
	EndGlobalSection
EndGlobal
